
Microsoft Visual Studio Solution File, Format Version 12.00
# Visual Studio Version 16
VisualStudioVersion = 16.0.30320.27
MinimumVisualStudioVersion = 10.0.40219.1
Project("{9A19103F-16F7-4668-BE54-9A1E7A4F7556}") = "ActivitySignUpApi", "ActivitySignUpApi\ActivitySignUpApi.csproj", "{04189064-E7A0-43AC-B5A3-53ADCF3BC6A9}"
EndProject
Project("{E24C65DC-7377-472B-9ABA-BC803B73C61A}") = "ActivitySignUpPortal", "ActivitySignUpPortal\", "{ECF18176-AAC0-4B45-8D9A-FF82B7D758E6}"
	ProjectSection(WebsiteProperties) = preProject
		TargetFrameworkMoniker = ".NETFramework,Version%3Dv4.0"
		Debug.AspNetCompiler.VirtualPath = "/localhost_52900"
		Debug.AspNetCompiler.PhysicalPath = "ActivitySignUpPortal\"
		Debug.AspNetCompiler.TargetPath = "PrecompiledWeb\localhost_52900\"
		Debug.AspNetCompiler.Updateable = "true"
		Debug.AspNetCompiler.ForceOverwrite = "true"
		Debug.AspNetCompiler.FixedNames = "false"
		Debug.AspNetCompiler.Debug = "True"
		Release.AspNetCompiler.VirtualPath = "/localhost_52900"
		Release.AspNetCompiler.PhysicalPath = "ActivitySignUpPortal\"
		Release.AspNetCompiler.TargetPath = "PrecompiledWeb\localhost_52900\"
		Release.AspNetCompiler.Updateable = "true"
		Release.AspNetCompiler.ForceOverwrite = "true"
		Release.AspNetCompiler.FixedNames = "false"
		Release.AspNetCompiler.Debug = "False"
		VWDPort = "52900"
		SlnRelativePath = "ActivitySignUpPortal\"
	EndProjectSection
EndProject
Project("{FAE04EC0-301F-11D3-BF4B-00C04F79EFBC}") = "ActivitySignUpRepositories", "ActivitySignUpRepositories\ActivitySignUpRepositories.csproj", "{07FB5874-4E4B-4927-A398-A4B4BBC1AFD7}"
EndProject
Project("{FAE04EC0-301F-11D3-BF4B-00C04F79EFBC}") = "ActivitySignUpServices", "ActivitySignUpServices\ActivitySignUpServices.csproj", "{4471685F-CA0E-47AF-8988-BA01B84BB15E}"
EndProject
Project("{FAE04EC0-301F-11D3-BF4B-00C04F79EFBC}") = "ActivitySignUpValidation", "ActivitySignUpValidation\ActivitySignUpValidation.csproj", "{66BDBB91-552B-4941-8E1C-FF31F0B439DE}"
EndProject
Project("{FAE04EC0-301F-11D3-BF4B-00C04F79EFBC}") = "ActivitySignUpRespositoryTests", "ActivitySignUpRespositoryTests\ActivitySignUpRespositoryTests.csproj", "{06B6F79F-E802-4C6B-9BEF-20A575F1C019}"
EndProject
Project("{FAE04EC0-301F-11D3-BF4B-00C04F79EFBC}") = "ActivitySignUpServiceTests", "ActivitySignUpServiceTests\ActivitySignUpServiceTests.csproj", "{A8446FA9-DAD7-4C47-B81F-F55DB2DA61C2}"
EndProject
Project("{FAE04EC0-301F-11D3-BF4B-00C04F79EFBC}") = "ActivitySignUpValidationTests", "ActivitySignUpValidationTests\ActivitySignUpValidationTests.csproj", "{55470B86-943C-4D3A-BC26-A0D7E0934B40}"
EndProject
Project("{00D1A9C2-B5F0-4AF3-8072-F6C62B433612}") = "ActivitySignUpDatabase", "ActivitySignUpDatabase\ActivitySignUpDatabase.sqlproj", "{3E039112-422E-450F-8E0F-B7591F8C16D3}"
EndProject
Global
	GlobalSection(SolutionConfigurationPlatforms) = preSolution
		Debug|Any CPU = Debug|Any CPU
		Release|Any CPU = Release|Any CPU
	EndGlobalSection
	GlobalSection(ProjectConfigurationPlatforms) = postSolution
		{04189064-E7A0-43AC-B5A3-53ADCF3BC6A9}.Debug|Any CPU.ActiveCfg = Debug|Any CPU
		{04189064-E7A0-43AC-B5A3-53ADCF3BC6A9}.Debug|Any CPU.Build.0 = Debug|Any CPU
		{04189064-E7A0-43AC-B5A3-53ADCF3BC6A9}.Release|Any CPU.ActiveCfg = Release|Any CPU
		{04189064-E7A0-43AC-B5A3-53ADCF3BC6A9}.Release|Any CPU.Build.0 = Release|Any CPU
		{ECF18176-AAC0-4B45-8D9A-FF82B7D758E6}.Debug|Any CPU.ActiveCfg = Debug|Any CPU
		{ECF18176-AAC0-4B45-8D9A-FF82B7D758E6}.Debug|Any CPU.Build.0 = Debug|Any CPU
		{ECF18176-AAC0-4B45-8D9A-FF82B7D758E6}.Release|Any CPU.ActiveCfg = Debug|Any CPU
		{ECF18176-AAC0-4B45-8D9A-FF82B7D758E6}.Release|Any CPU.Build.0 = Debug|Any CPU
		{07FB5874-4E4B-4927-A398-A4B4BBC1AFD7}.Debug|Any CPU.ActiveCfg = Debug|Any CPU
		{07FB5874-4E4B-4927-A398-A4B4BBC1AFD7}.Debug|Any CPU.Build.0 = Debug|Any CPU
		{07FB5874-4E4B-4927-A398-A4B4BBC1AFD7}.Release|Any CPU.ActiveCfg = Release|Any CPU
		{07FB5874-4E4B-4927-A398-A4B4BBC1AFD7}.Release|Any CPU.Build.0 = Release|Any CPU
		{4471685F-CA0E-47AF-8988-BA01B84BB15E}.Debug|Any CPU.ActiveCfg = Debug|Any CPU
		{4471685F-CA0E-47AF-8988-BA01B84BB15E}.Debug|Any CPU.Build.0 = Debug|Any CPU
		{4471685F-CA0E-47AF-8988-BA01B84BB15E}.Release|Any CPU.ActiveCfg = Release|Any CPU
		{4471685F-CA0E-47AF-8988-BA01B84BB15E}.Release|Any CPU.Build.0 = Release|Any CPU
		{66BDBB91-552B-4941-8E1C-FF31F0B439DE}.Debug|Any CPU.ActiveCfg = Debug|Any CPU
		{66BDBB91-552B-4941-8E1C-FF31F0B439DE}.Debug|Any CPU.Build.0 = Debug|Any CPU
		{66BDBB91-552B-4941-8E1C-FF31F0B439DE}.Release|Any CPU.ActiveCfg = Release|Any CPU
		{66BDBB91-552B-4941-8E1C-FF31F0B439DE}.Release|Any CPU.Build.0 = Release|Any CPU
		{06B6F79F-E802-4C6B-9BEF-20A575F1C019}.Debug|Any CPU.ActiveCfg = Debug|Any CPU
		{06B6F79F-E802-4C6B-9BEF-20A575F1C019}.Debug|Any CPU.Build.0 = Debug|Any CPU
		{06B6F79F-E802-4C6B-9BEF-20A575F1C019}.Release|Any CPU.ActiveCfg = Release|Any CPU
		{06B6F79F-E802-4C6B-9BEF-20A575F1C019}.Release|Any CPU.Build.0 = Release|Any CPU
		{A8446FA9-DAD7-4C47-B81F-F55DB2DA61C2}.Debug|Any CPU.ActiveCfg = Debug|Any CPU
		{A8446FA9-DAD7-4C47-B81F-F55DB2DA61C2}.Debug|Any CPU.Build.0 = Debug|Any CPU
		{A8446FA9-DAD7-4C47-B81F-F55DB2DA61C2}.Release|Any CPU.ActiveCfg = Release|Any CPU
		{A8446FA9-DAD7-4C47-B81F-F55DB2DA61C2}.Release|Any CPU.Build.0 = Release|Any CPU
		{55470B86-943C-4D3A-BC26-A0D7E0934B40}.Debug|Any CPU.ActiveCfg = Debug|Any CPU
		{55470B86-943C-4D3A-BC26-A0D7E0934B40}.Debug|Any CPU.Build.0 = Debug|Any CPU
		{55470B86-943C-4D3A-BC26-A0D7E0934B40}.Release|Any CPU.ActiveCfg = Release|Any CPU
		{55470B86-943C-4D3A-BC26-A0D7E0934B40}.Release|Any CPU.Build.0 = Release|Any CPU
		{3E039112-422E-450F-8E0F-B7591F8C16D3}.Debug|Any CPU.ActiveCfg = Debug|Any CPU
		{3E039112-422E-450F-8E0F-B7591F8C16D3}.Debug|Any CPU.Build.0 = Debug|Any CPU
		{3E039112-422E-450F-8E0F-B7591F8C16D3}.Debug|Any CPU.Deploy.0 = Debug|Any CPU
		{3E039112-422E-450F-8E0F-B7591F8C16D3}.Release|Any CPU.ActiveCfg = Release|Any CPU
		{3E039112-422E-450F-8E0F-B7591F8C16D3}.Release|Any CPU.Build.0 = Release|Any CPU
		{3E039112-422E-450F-8E0F-B7591F8C16D3}.Release|Any CPU.Deploy.0 = Release|Any CPU
	EndGlobalSection
	GlobalSection(SolutionProperties) = preSolution
		HideSolutionNode = FALSE
	EndGlobalSection
	GlobalSection(ExtensibilityGlobals) = postSolution
		SolutionGuid = {0ED070B3-C8E7-48D8-9443-9C2E31759E78}
	EndGlobalSection
EndGlobal
